// !$*UTF8*$!
{
	archiveVersion = 1;
	classes = {
	};
	objectVersion = 46;
	objects = {

/* Begin PBXBuildFile section */
		3D82D02D192A6720004ED3F7 /* Foundation.framework in Frameworks */ = {isa = PBXBuildFile; fileRef = 3D82D02C192A6720004ED3F7 /* Foundation.framework */; };
		3D82D02F192A6720004ED3F7 /* CoreGraphics.framework in Frameworks */ = {isa = PBXBuildFile; fileRef = 3D82D02E192A6720004ED3F7 /* CoreGraphics.framework */; };
		3D82D031192A6720004ED3F7 /* UIKit.framework in Frameworks */ = {isa = PBXBuildFile; fileRef = 3D82D030192A6720004ED3F7 /* UIKit.framework */; };
		3D82D037192A6720004ED3F7 /* InfoPlist.strings in Resources */ = {isa = PBXBuildFile; fileRef = 3D82D035192A6720004ED3F7 /* InfoPlist.strings */; };
		3D82D039192A6720004ED3F7 /* main.m in Sources */ = {isa = PBXBuildFile; fileRef = 3D82D038192A6720004ED3F7 /* main.m */; };
		3D82D03D192A6720004ED3F7 /* CMBAppDelegate.m in Sources */ = {isa = PBXBuildFile; fileRef = 3D82D03C192A6720004ED3F7 /* CMBAppDelegate.m */; };
		3D82D040192A6720004ED3F7 /* Main.storyboard in Resources */ = {isa = PBXBuildFile; fileRef = 3D82D03E192A6720004ED3F7 /* Main.storyboard */; };
		3D82D043192A6720004ED3F7 /* CMBViewController.m in Sources */ = {isa = PBXBuildFile; fileRef = 3D82D042192A6720004ED3F7 /* CMBViewController.m */; };
		3D82D045192A6720004ED3F7 /* Images.xcassets in Resources */ = {isa = PBXBuildFile; fileRef = 3D82D044192A6720004ED3F7 /* Images.xcassets */; };
		3D82D04C192A6720004ED3F7 /* XCTest.framework in Frameworks */ = {isa = PBXBuildFile; fileRef = 3D82D04B192A6720004ED3F7 /* XCTest.framework */; };
		3D82D04D192A6720004ED3F7 /* Foundation.framework in Frameworks */ = {isa = PBXBuildFile; fileRef = 3D82D02C192A6720004ED3F7 /* Foundation.framework */; };
		3D82D04E192A6720004ED3F7 /* UIKit.framework in Frameworks */ = {isa = PBXBuildFile; fileRef = 3D82D030192A6720004ED3F7 /* UIKit.framework */; };
		3D82D056192A6720004ED3F7 /* InfoPlist.strings in Resources */ = {isa = PBXBuildFile; fileRef = 3D82D054192A6720004ED3F7 /* InfoPlist.strings */; };
		3D82D058192A6720004ED3F7 /* BinarySearchTreeTests.m in Sources */ = {isa = PBXBuildFile; fileRef = 3D82D057192A6720004ED3F7 /* BinarySearchTreeTests.m */; };
		3D82D063192A674B004ED3F7 /* CMBBinarySearchTree.m in Sources */ = {isa = PBXBuildFile; fileRef = 3D82D062192A674B004ED3F7 /* CMBBinarySearchTree.m */; };
		3D82D066192A6760004ED3F7 /* CMBNode.m in Sources */ = {isa = PBXBuildFile; fileRef = 3D82D065192A6760004ED3F7 /* CMBNode.m */; };
/* End PBXBuildFile section */

/* Begin PBXContainerItemProxy section */
		3D82D04F192A6720004ED3F7 /* PBXContainerItemProxy */ = {
			isa = PBXContainerItemProxy;
			containerPortal = 3D82D021192A6720004ED3F7 /* Project object */;
			proxyType = 1;
			remoteGlobalIDString = 3D82D028192A6720004ED3F7;
			remoteInfo = BinarySearchTree;
		};
/* End PBXContainerItemProxy section */

/* Begin PBXFileReference section */
		3D82D029192A6720004ED3F7 /* BinarySearchTree.app */ = {isa = PBXFileReference; explicitFileType = wrapper.application; includeInIndex = 0; path = BinarySearchTree.app; sourceTree = BUILT_PRODUCTS_DIR; };
		3D82D02C192A6720004ED3F7 /* Foundation.framework */ = {isa = PBXFileReference; lastKnownFileType = wrapper.framework; name = Foundation.framework; path = System/Library/Frameworks/Foundation.framework; sourceTree = SDKROOT; };
		3D82D02E192A6720004ED3F7 /* CoreGraphics.framework */ = {isa = PBXFileReference; lastKnownFileType = wrapper.framework; name = CoreGraphics.framework; path = System/Library/Frameworks/CoreGraphics.framework; sourceTree = SDKROOT; };
		3D82D030192A6720004ED3F7 /* UIKit.framework */ = {isa = PBXFileReference; lastKnownFileType = wrapper.framework; name = UIKit.framework; path = System/Library/Frameworks/UIKit.framework; sourceTree = SDKROOT; };
		3D82D034192A6720004ED3F7 /* BinarySearchTree-Info.plist */ = {isa = PBXFileReference; lastKnownFileType = text.plist.xml; path = "BinarySearchTree-Info.plist"; sourceTree = "<group>"; };
		3D82D036192A6720004ED3F7 /* en */ = {isa = PBXFileReference; lastKnownFileType = text.plist.strings; name = en; path = en.lproj/InfoPlist.strings; sourceTree = "<group>"; };
		3D82D038192A6720004ED3F7 /* main.m */ = {isa = PBXFileReference; lastKnownFileType = sourcecode.c.objc; path = main.m; sourceTree = "<group>"; };
		3D82D03A192A6720004ED3F7 /* BinarySearchTree-Prefix.pch */ = {isa = PBXFileReference; lastKnownFileType = sourcecode.c.h; path = "BinarySearchTree-Prefix.pch"; sourceTree = "<group>"; };
		3D82D03B192A6720004ED3F7 /* CMBAppDelegate.h */ = {isa = PBXFileReference; lastKnownFileType = sourcecode.c.h; path = CMBAppDelegate.h; sourceTree = "<group>"; };
		3D82D03C192A6720004ED3F7 /* CMBAppDelegate.m */ = {isa = PBXFileReference; lastKnownFileType = sourcecode.c.objc; path = CMBAppDelegate.m; sourceTree = "<group>"; };
		3D82D03F192A6720004ED3F7 /* Base */ = {isa = PBXFileReference; lastKnownFileType = file.storyboard; name = Base; path = Base.lproj/Main.storyboard; sourceTree = "<group>"; };
		3D82D041192A6720004ED3F7 /* CMBViewController.h */ = {isa = PBXFileReference; lastKnownFileType = sourcecode.c.h; path = CMBViewController.h; sourceTree = "<group>"; };
		3D82D042192A6720004ED3F7 /* CMBViewController.m */ = {isa = PBXFileReference; lastKnownFileType = sourcecode.c.objc; path = CMBViewController.m; sourceTree = "<group>"; };
		3D82D044192A6720004ED3F7 /* Images.xcassets */ = {isa = PBXFileReference; lastKnownFileType = folder.assetcatalog; path = Images.xcassets; sourceTree = "<group>"; };
		3D82D04A192A6720004ED3F7 /* BinarySearchTreeTests.xctest */ = {isa = PBXFileReference; explicitFileType = wrapper.cfbundle; includeInIndex = 0; path = BinarySearchTreeTests.xctest; sourceTree = BUILT_PRODUCTS_DIR; };
		3D82D04B192A6720004ED3F7 /* XCTest.framework */ = {isa = PBXFileReference; lastKnownFileType = wrapper.framework; name = XCTest.framework; path = Library/Frameworks/XCTest.framework; sourceTree = DEVELOPER_DIR; };
		3D82D053192A6720004ED3F7 /* BinarySearchTreeTests-Info.plist */ = {isa = PBXFileReference; lastKnownFileType = text.plist.xml; path = "BinarySearchTreeTests-Info.plist"; sourceTree = "<group>"; };
		3D82D055192A6720004ED3F7 /* en */ = {isa = PBXFileReference; lastKnownFileType = text.plist.strings; name = en; path = en.lproj/InfoPlist.strings; sourceTree = "<group>"; };
		3D82D057192A6720004ED3F7 /* BinarySearchTreeTests.m */ = {isa = PBXFileReference; lastKnownFileType = sourcecode.c.objc; path = BinarySearchTreeTests.m; sourceTree = "<group>"; };
		3D82D061192A674B004ED3F7 /* CMBBinarySearchTree.h */ = {isa = PBXFileReference; fileEncoding = 4; lastKnownFileType = sourcecode.c.h; path = CMBBinarySearchTree.h; sourceTree = "<group>"; };
		3D82D062192A674B004ED3F7 /* CMBBinarySearchTree.m */ = {isa = PBXFileReference; fileEncoding = 4; lastKnownFileType = sourcecode.c.objc; path = CMBBinarySearchTree.m; sourceTree = "<group>"; };
		3D82D064192A6760004ED3F7 /* CMBNode.h */ = {isa = PBXFileReference; fileEncoding = 4; lastKnownFileType = sourcecode.c.h; path = CMBNode.h; sourceTree = "<group>"; };
		3D82D065192A6760004ED3F7 /* CMBNode.m */ = {isa = PBXFileReference; fileEncoding = 4; lastKnownFileType = sourcecode.c.objc; path = CMBNode.m; sourceTree = "<group>"; };
/* End PBXFileReference section */

/* Begin PBXFrameworksBuildPhase section */
		3D82D026192A6720004ED3F7 /* Frameworks */ = {
			isa = PBXFrameworksBuildPhase;
			buildActionMask = 2147483647;
			files = (
				3D82D02F192A6720004ED3F7 /* CoreGraphics.framework in Frameworks */,
				3D82D031192A6720004ED3F7 /* UIKit.framework in Frameworks */,
				3D82D02D192A6720004ED3F7 /* Foundation.framework in Frameworks */,
			);
			runOnlyForDeploymentPostprocessing = 0;
		};
		3D82D047192A6720004ED3F7 /* Frameworks */ = {
			isa = PBXFrameworksBuildPhase;
			buildActionMask = 2147483647;
			files = (
				3D82D04C192A6720004ED3F7 /* XCTest.framework in Frameworks */,
				3D82D04E192A6720004ED3F7 /* UIKit.framework in Frameworks */,
				3D82D04D192A6720004ED3F7 /* Foundation.framework in Frameworks */,
			);
			runOnlyForDeploymentPostprocessing = 0;
		};
/* End PBXFrameworksBuildPhase section */

/* Begin PBXGroup section */
		3D319A85192A98890025BB47 /* Model */ = {
			isa = PBXGroup;
			children = (
				3D82D061192A674B004ED3F7 /* CMBBinarySearchTree.h */,
				3D82D062192A674B004ED3F7 /* CMBBinarySearchTree.m */,
				3D82D064192A6760004ED3F7 /* CMBNode.h */,
				3D82D065192A6760004ED3F7 /* CMBNode.m */,
			);
			name = Model;
			sourceTree = "<group>";
		};
		3D82D020192A6720004ED3F7 = {
			isa = PBXGroup;
			children = (
				3D319A85192A98890025BB47 /* Model */,
				3D82D032192A6720004ED3F7 /* BinarySearchTree */,
				3D82D051192A6720004ED3F7 /* BinarySearchTreeTests */,
				3D82D02B192A6720004ED3F7 /* Frameworks */,
				3D82D02A192A6720004ED3F7 /* Products */,
			);
			sourceTree = "<group>";
		};
		3D82D02A192A6720004ED3F7 /* Products */ = {
			isa = PBXGroup;
			children = (
				3D82D029192A6720004ED3F7 /* BinarySearchTree.app */,
				3D82D04A192A6720004ED3F7 /* BinarySearchTreeTests.xctest */,
			);
			name = Products;
			sourceTree = "<group>";
		};
		3D82D02B192A6720004ED3F7 /* Frameworks */ = {
			isa = PBXGroup;
			children = (
				3D82D02C192A6720004ED3F7 /* Foundation.framework */,
				3D82D02E192A6720004ED3F7 /* CoreGraphics.framework */,
				3D82D030192A6720004ED3F7 /* UIKit.framework */,
				3D82D04B192A6720004ED3F7 /* XCTest.framework */,
			);
			name = Frameworks;
			sourceTree = "<group>";
		};
		3D82D032192A6720004ED3F7 /* BinarySearchTree */ = {
			isa = PBXGroup;
			children = (
				3D82D03B192A6720004ED3F7 /* CMBAppDelegate.h */,
				3D82D03C192A6720004ED3F7 /* CMBAppDelegate.m */,
				3D82D03E192A6720004ED3F7 /* Main.storyboard */,
				3D82D041192A6720004ED3F7 /* CMBViewController.h */,
				3D82D042192A6720004ED3F7 /* CMBViewController.m */,
				3D82D044192A6720004ED3F7 /* Images.xcassets */,
				3D82D033192A6720004ED3F7 /* Supporting Files */,
			);
			path = BinarySearchTree;
			sourceTree = "<group>";
		};
		3D82D033192A6720004ED3F7 /* Supporting Files */ = {
			isa = PBXGroup;
			children = (
				3D82D034192A6720004ED3F7 /* BinarySearchTree-Info.plist */,
				3D82D035192A6720004ED3F7 /* InfoPlist.strings */,
				3D82D038192A6720004ED3F7 /* main.m */,
				3D82D03A192A6720004ED3F7 /* BinarySearchTree-Prefix.pch */,
			);
			name = "Supporting Files";
			sourceTree = "<group>";
		};
		3D82D051192A6720004ED3F7 /* BinarySearchTreeTests */ = {
			isa = PBXGroup;
			children = (
				3D82D057192A6720004ED3F7 /* BinarySearchTreeTests.m */,
				3D82D052192A6720004ED3F7 /* Supporting Files */,
			);
			path = BinarySearchTreeTests;
			sourceTree = "<group>";
		};
		3D82D052192A6720004ED3F7 /* Supporting Files */ = {
			isa = PBXGroup;
			children = (
				3D82D053192A6720004ED3F7 /* BinarySearchTreeTests-Info.plist */,
				3D82D054192A6720004ED3F7 /* InfoPlist.strings */,
			);
			name = "Supporting Files";
			sourceTree = "<group>";
		};
/* End PBXGroup section */

/* Begin PBXNativeTarget section */
		3D82D028192A6720004ED3F7 /* BinarySearchTree */ = {
			isa = PBXNativeTarget;
			buildConfigurationList = 3D82D05B192A6720004ED3F7 /* Build configuration list for PBXNativeTarget "BinarySearchTree" */;
			buildPhases = (
				3D82D025192A6720004ED3F7 /* Sources */,
				3D82D026192A6720004ED3F7 /* Frameworks */,
				3D82D027192A6720004ED3F7 /* Resources */,
			);
			buildRules = (
			);
			dependencies = (
			);
			name = BinarySearchTree;
			productName = BinarySearchTree;
			productReference = 3D82D029192A6720004ED3F7 /* BinarySearchTree.app */;
			productType = "com.apple.product-type.application";
		};
		3D82D049192A6720004ED3F7 /* BinarySearchTreeTests */ = {
			isa = PBXNativeTarget;
			buildConfigurationList = 3D82D05E192A6720004ED3F7 /* Build configuration list for PBXNativeTarget "BinarySearchTreeTests" */;
			buildPhases = (
				3D82D046192A6720004ED3F7 /* Sources */,
				3D82D047192A6720004ED3F7 /* Frameworks */,
				3D82D048192A6720004ED3F7 /* Resources */,
			);
			buildRules = (
			);
			dependencies = (
				3D82D050192A6720004ED3F7 /* PBXTargetDependency */,
			);
			name = BinarySearchTreeTests;
			productName = BinarySearchTreeTests;
			productReference = 3D82D04A192A6720004ED3F7 /* BinarySearchTreeTests.xctest */;
			productType = "com.apple.product-type.bundle.unit-test";
		};
/* End PBXNativeTarget section */

/* Begin PBXProject section */
		3D82D021192A6720004ED3F7 /* Project object */ = {
			isa = PBXProject;
			attributes = {
				CLASSPREFIX = CMB;
				LastUpgradeCheck = 0510;
				ORGANIZATIONNAME = "Cole Bratcher";
				TargetAttributes = {
					3D82D049192A6720004ED3F7 = {
						TestTargetID = 3D82D028192A6720004ED3F7;
					};
				};
			};
			buildConfigurationList = 3D82D024192A6720004ED3F7 /* Build configuration list for PBXProject "BinarySearchTree" */;
			compatibilityVersion = "Xcode 3.2";
			developmentRegion = English;
			hasScannedForEncodings = 0;
			knownRegions = (
				en,
				Base,
			);
			mainGroup = 3D82D020192A6720004ED3F7;
			productRefGroup = 3D82D02A192A6720004ED3F7 /* Products */;
			projectDirPath = "";
			projectRoot = "";
			targets = (
				3D82D028192A6720004ED3F7 /* BinarySearchTree */,
				3D82D049192A6720004ED3F7 /* BinarySearchTreeTests */,
			);
		};
/* End PBXProject section */

/* Begin PBXResourcesBuildPhase section */
		3D82D027192A6720004ED3F7 /* Resources */ = {
			isa = PBXResourcesBuildPhase;
			buildActionMask = 2147483647;
			files = (
				3D82D045192A6720004ED3F7 /* Images.xcassets in Resources */,
				3D82D037192A6720004ED3F7 /* InfoPlist.strings in Resources */,
				3D82D040192A6720004ED3F7 /* Main.storyboard in Resources */,
			);
			runOnlyForDeploymentPostprocessing = 0;
		};
		3D82D048192A6720004ED3F7 /* Resources */ = {
			isa = PBXResourcesBuildPhase;
			buildActionMask = 2147483647;
			files = (
				3D82D056192A6720004ED3F7 /* InfoPlist.strings in Resources */,
			);
			runOnlyForDeploymentPostprocessing = 0;
		};
/* End PBXResourcesBuildPhase section */

/* Begin PBXSourcesBuildPhase section */
		3D82D025192A6720004ED3F7 /* Sources */ = {
			isa = PBXSourcesBuildPhase;
			buildActionMask = 2147483647;
			files = (
				3D82D039192A6720004ED3F7 /* main.m in Sources */,
				3D82D063192A674B004ED3F7 /* CMBBinarySearchTree.m in Sources */,
				3D82D03D192A6720004ED3F7 /* CMBAppDelegate.m in Sources */,
				3D82D043192A6720004ED3F7 /* CMBViewController.m in Sources */,
				3D82D066192A6760004ED3F7 /* CMBNode.m in Sources */,
			);
			runOnlyForDeploymentPostprocessing = 0;
		};
		3D82D046192A6720004ED3F7 /* Sources */ = {
			isa = PBXSourcesBuildPhase;
			buildActionMask = 2147483647;
			files = (
				3D82D058192A6720004ED3F7 /* BinarySearchTreeTests.m in Sources */,
			);
			runOnlyForDeploymentPostprocessing = 0;
		};
/* End PBXSourcesBuildPhase section */

/* Begin PBXTargetDependency section */
		3D82D050192A6720004ED3F7 /* PBXTargetDependency */ = {
			isa = PBXTargetDependency;
			target = 3D82D028192A6720004ED3F7 /* BinarySearchTree */;
			targetProxy = 3D82D04F192A6720004ED3F7 /* PBXContainerItemProxy */;
		};
/* End PBXTargetDependency section */

/* Begin PBXVariantGroup section */
		3D82D035192A6720004ED3F7 /* InfoPlist.strings */ = {
			isa = PBXVariantGroup;
			children = (
				3D82D036192A6720004ED3F7 /* en */,
			);
			name = InfoPlist.strings;
			sourceTree = "<group>";
		};
		3D82D03E192A6720004ED3F7 /* Main.storyboard */ = {
			isa = PBXVariantGroup;
			children = (
				3D82D03F192A6720004ED3F7 /* Base */,
			);
			name = Main.storyboard;
			sourceTree = "<group>";
		};
		3D82D054192A6720004ED3F7 /* InfoPlist.strings */ = {
			isa = PBXVariantGroup;
			children = (
				3D82D055192A6720004ED3F7 /* en */,
			);
			name = InfoPlist.strings;
			sourceTree = "<group>";
		};
/* End PBXVariantGroup section */

/* Begin XCBuildConfiguration section */
		3D82D059192A6720004ED3F7 /* Debug */ = {
			isa = XCBuildConfiguration;
			buildSettings = {
				ALWAYS_SEARCH_USER_PATHS = NO;
				CLANG_CXX_LANGUAGE_STANDARD = "gnu++0x";
				CLANG_CXX_LIBRARY = "libc++";
				CLANG_ENABLE_MODULES = YES;
				CLANG_ENABLE_OBJC_ARC = YES;
				CLANG_WARN_BOOL_CONVERSION = YES;
				CLANG_WARN_CONSTANT_CONVERSION = YES;
				CLANG_WARN_DIRECT_OBJC_ISA_USAGE = YES_ERROR;
				CLANG_WARN_EMPTY_BODY = YES;
				CLANG_WARN_ENUM_CONVERSION = YES;
				CLANG_WARN_INT_CONVERSION = YES;
				CLANG_WARN_OBJC_ROOT_CLASS = YES_ERROR;
				CLANG_WARN__DUPLICATE_METHOD_MATCH = YES;
				"CODE_SIGN_IDENTITY[sdk=iphoneos*]" = "iPhone Developer";
				COPY_PHASE_STRIP = NO;
				GCC_C_LANGUAGE_STANDARD = gnu99;
				GCC_DYNAMIC_NO_PIC = NO;
				GCC_OPTIMIZATION_LEVEL = 0;
				GCC_PREPROCESSOR_DEFINITIONS = (
					"DEBUG=1",
					"$(inherited)",
				);
				GCC_SYMBOLS_PRIVATE_EXTERN = NO;
				GCC_WARN_64_TO_32_BIT_CONVERSION = YES;
				GCC_WARN_ABOUT_RETURN_TYPE = YES_ERROR;
				GCC_WARN_UNDECLARED_SELECTOR = YES;
				GCC_WARN_UNINITIALIZED_AUTOS = YES_AGGRESSIVE;
				GCC_WARN_UNUSED_FUNCTION = YES;
				GCC_WARN_UNUSED_VARIABLE = YES;
				IPHONEOS_DEPLOYMENT_TARGET = 7.1;
				ONLY_ACTIVE_ARCH = YES;
				SDKROOT = iphoneos;
			};
			name = Debug;
		};
		3D82D05A192A6720004ED3F7 /* Release */ = {
			isa = XCBuildConfiguration;
			buildSettings = {
				ALWAYS_SEARCH_USER_PATHS = NO;
				CLANG_CXX_LANGUAGE_STANDARD = "gnu++0x";
				CLANG_CXX_LIBRARY = "libc++";
				CLANG_ENABLE_MODULES = YES;
				CLANG_ENABLE_OBJC_ARC = YES;
				CLANG_WARN_BOOL_CONVERSION = YES;
				CLANG_WARN_CONSTANT_CONVERSION = YES;
				CLANG_WARN_DIRECT_OBJC_ISA_USAGE = YES_ERROR;
				CLANG_WARN_EMPTY_BODY = YES;
				CLANG_WARN_ENUM_CONVERSION = YES;
				CLANG_WARN_INT_CONVERSION = YES;
				CLANG_WARN_OBJC_ROOT_CLASS = YES_ERROR;
				CLANG_WARN__DUPLICATE_METHOD_MATCH = YES;
				"CODE_SIGN_IDENTITY[sdk=iphoneos*]" = "iPhone Developer";
				COPY_PHASE_STRIP = YES;
				ENABLE_NS_ASSERTIONS = NO;
				GCC_C_LANGUAGE_STANDARD = gnu99;
				GCC_WARN_64_TO_32_BIT_CONVERSION = YES;
				GCC_WARN_ABOUT_RETURN_TYPE = YES_ERROR;
				GCC_WARN_UNDECLARED_SELECTOR = YES;
				GCC_WARN_UNINITIALIZED_AUTOS = YES_AGGRESSIVE;
				GCC_WARN_UNUSED_FUNCTION = YES;
				GCC_WARN_UNUSED_VARIABLE = YES;
				IPHONEOS_DEPLOYMENT_TARGET = 7.1;
				SDKROOT = iphoneos;
				VALIDATE_PRODUCT = YES;
			};
			name = Release;
		};
		3D82D05C192A6720004ED3F7 /* Debug */ = {
			isa = XCBuildConfiguration;
			buildSettings = {
				ASSETCATALOG_COMPILER_APPICON_NAME = AppIcon;
				ASSETCATALOG_COMPILER_LAUNCHIMAGE_NAME = LaunchImage;
				GCC_PRECOMPILE_PREFIX_HEADER = YES;
				GCC_PREFIX_HEADER = "BinarySearchTree/BinarySearchTree-Prefix.pch";
				INFOPLIST_FILE = "BinarySearchTree/BinarySearchTree-Info.plist";
				PRODUCT_NAME = "$(TARGET_NAME)";
				WRAPPER_EXTENSION = app;
			};
			name = Debug;
		};
		3D82D05D192A6720004ED3F7 /* Release */ = {
			isa = XCBuildConfiguration;
			buildSettings = {
				ASSETCATALOG_COMPILER_APPICON_NAME = AppIcon;
				ASSETCATALOG_COMPILER_LAUNCHIMAGE_NAME = LaunchImage;
				GCC_PRECOMPILE_PREFIX_HEADER = YES;
				GCC_PREFIX_HEADER = "BinarySearchTree/BinarySearchTree-Prefix.pch";
				INFOPLIST_FILE = "BinarySearchTree/BinarySearchTree-Info.plist";
				PRODUCT_NAME = "$(TARGET_NAME)";
				WRAPPER_EXTENSION = app;
			};
			name = Release;
		};
		3D82D05F192A6720004ED3F7 /* Debug */ = {
			isa = XCBuildConfiguration;
			buildSettings = {
				BUNDLE_LOADER = "$(BUILT_PRODUCTS_DIR)/BinarySearchTree.app/BinarySearchTree";
				FRAMEWORK_SEARCH_PATHS = (
					"$(SDKROOT)/Developer/Library/Frameworks",
					"$(inherited)",
					"$(DEVELOPER_FRAMEWORKS_DIR)",
				);
				GCC_PRECOMPILE_PREFIX_HEADER = YES;
				GCC_PREFIX_HEADER = "BinarySearchTree/BinarySearchTree-Prefix.pch";
				GCC_PREPROCESSOR_DEFINITIONS = (
					"DEBUG=1",
					"$(inherited)",
				);
				INFOPLIST_FILE = "BinarySearchTreeTests/BinarySearchTreeTests-Info.plist";
				PRODUCT_NAME = "$(TARGET_NAME)";
				TEST_HOST = "$(BUNDLE_LOADER)";
				WRAPPER_EXTENSION = xctest;
			};
			name = Debug;
		};
		3D82D060192A6720004ED3F7 /* Release */ = {
			isa = XCBuildConfiguration;
			buildSettings = {
				BUNDLE_LOADER = "$(BUILT_PRODUCTS_DIR)/BinarySearchTree.app/BinarySearchTree";
				FRAMEWORK_SEARCH_PATHS = (
					"$(SDKROOT)/Developer/Library/Frameworks",
					"$(inherited)",
					"$(DEVELOPER_FRAMEWORKS_DIR)",
				);
				GCC_PRECOMPILE_PREFIX_HEADER = YES;
				GCC_PREFIX_HEADER = "BinarySearchTree/BinarySearchTree-Prefix.pch";
				INFOPLIST_FILE = "BinarySearchTreeTests/BinarySearchTreeTests-Info.plist";
				PRODUCT_NAME = "$(TARGET_NAME)";
				TEST_HOST = "$(BUNDLE_LOADER)";
				WRAPPER_EXTENSION = xctest;
			};
			name = Release;
		};
/* End XCBuildConfiguration section */

/* Begin XCConfigurationList section */
		3D82D024192A6720004ED3F7 /* Build configuration list for PBXProject "BinarySearchTree" */ = {
			isa = XCConfigurationList;
			buildConfigurations = (
				3D82D059192A6720004ED3F7 /* Debug */,
				3D82D05A192A6720004ED3F7 /* Release */,
			);
			defaultConfigurationIsVisible = 0;
			defaultConfigurationName = Release;
		};
		3D82D05B192A6720004ED3F7 /* Build configuration list for PBXNativeTarget "BinarySearchTree" */ = {
			isa = XCConfigurationList;
			buildConfigurations = (
				3D82D05C192A6720004ED3F7 /* Debug */,
				3D82D05D192A6720004ED3F7 /* Release */,
			);
			defaultConfigurationIsVisible = 0;
			defaultConfigurationName = Release;
		};
		3D82D05E192A6720004ED3F7 /* Build configuration list for PBXNativeTarget "BinarySearchTreeTests" */ = {
			isa = XCConfigurationList;
			buildConfigurations = (
				3D82D05F192A6720004ED3F7 /* Debug */,
				3D82D060192A6720004ED3F7 /* Release */,
			);
			defaultConfigurationIsVisible = 0;
			defaultConfigurationName = Release;
		};
/* End XCConfigurationList section */
	};
	rootObject = 3D82D021192A6720004ED3F7 /* Project object */;
}
