// !$*UTF8*$!
{
	archiveVersion = 1;
	classes = {
	};
	objectVersion = 46;
	objects = {

/* Begin PBXBuildFile section */
		3D82D074192A7352004ED3F7 /* Foundation.framework in Frameworks */ = {isa = PBXBuildFile; fileRef = 3D82D073192A7352004ED3F7 /* Foundation.framework */; };
		3D82D076192A7352004ED3F7 /* CoreGraphics.framework in Frameworks */ = {isa = PBXBuildFile; fileRef = 3D82D075192A7352004ED3F7 /* CoreGraphics.framework */; };
		3D82D078192A7352004ED3F7 /* UIKit.framework in Frameworks */ = {isa = PBXBuildFile; fileRef = 3D82D077192A7352004ED3F7 /* UIKit.framework */; };
		3D82D07E192A7352004ED3F7 /* InfoPlist.strings in Resources */ = {isa = PBXBuildFile; fileRef = 3D82D07C192A7352004ED3F7 /* InfoPlist.strings */; };
		3D82D080192A7352004ED3F7 /* main.m in Sources */ = {isa = PBXBuildFile; fileRef = 3D82D07F192A7352004ED3F7 /* main.m */; };
		3D82D084192A7352004ED3F7 /* CMBAppDelegate.m in Sources */ = {isa = PBXBuildFile; fileRef = 3D82D083192A7352004ED3F7 /* CMBAppDelegate.m */; };
		3D82D087192A7352004ED3F7 /* Main.storyboard in Resources */ = {isa = PBXBuildFile; fileRef = 3D82D085192A7352004ED3F7 /* Main.storyboard */; };
		3D82D08A192A7352004ED3F7 /* CMBViewController.m in Sources */ = {isa = PBXBuildFile; fileRef = 3D82D089192A7352004ED3F7 /* CMBViewController.m */; };
		3D82D08C192A7352004ED3F7 /* Images.xcassets in Resources */ = {isa = PBXBuildFile; fileRef = 3D82D08B192A7352004ED3F7 /* Images.xcassets */; };
		3D82D093192A7352004ED3F7 /* XCTest.framework in Frameworks */ = {isa = PBXBuildFile; fileRef = 3D82D092192A7352004ED3F7 /* XCTest.framework */; };
		3D82D094192A7352004ED3F7 /* Foundation.framework in Frameworks */ = {isa = PBXBuildFile; fileRef = 3D82D073192A7352004ED3F7 /* Foundation.framework */; };
		3D82D095192A7352004ED3F7 /* UIKit.framework in Frameworks */ = {isa = PBXBuildFile; fileRef = 3D82D077192A7352004ED3F7 /* UIKit.framework */; };
		3D82D09D192A7352004ED3F7 /* InfoPlist.strings in Resources */ = {isa = PBXBuildFile; fileRef = 3D82D09B192A7352004ED3F7 /* InfoPlist.strings */; };
		3D82D09F192A7352004ED3F7 /* HashTableTests.m in Sources */ = {isa = PBXBuildFile; fileRef = 3D82D09E192A7352004ED3F7 /* HashTableTests.m */; };
		3D82D0AA192A735F004ED3F7 /* CMBHashTable.m in Sources */ = {isa = PBXBuildFile; fileRef = 3D82D0A9192A735F004ED3F7 /* CMBHashTable.m */; };
		3D82D0AD192A7379004ED3F7 /* CMBHashBucket.m in Sources */ = {isa = PBXBuildFile; fileRef = 3D82D0AC192A7379004ED3F7 /* CMBHashBucket.m */; };
/* End PBXBuildFile section */

/* Begin PBXContainerItemProxy section */
		3D82D096192A7352004ED3F7 /* PBXContainerItemProxy */ = {
			isa = PBXContainerItemProxy;
			containerPortal = 3D82D068192A7352004ED3F7 /* Project object */;
			proxyType = 1;
			remoteGlobalIDString = 3D82D06F192A7352004ED3F7;
			remoteInfo = HashTable;
		};
/* End PBXContainerItemProxy section */

/* Begin PBXFileReference section */
		3D82D070192A7352004ED3F7 /* HashTable.app */ = {isa = PBXFileReference; explicitFileType = wrapper.application; includeInIndex = 0; path = HashTable.app; sourceTree = BUILT_PRODUCTS_DIR; };
		3D82D073192A7352004ED3F7 /* Foundation.framework */ = {isa = PBXFileReference; lastKnownFileType = wrapper.framework; name = Foundation.framework; path = System/Library/Frameworks/Foundation.framework; sourceTree = SDKROOT; };
		3D82D075192A7352004ED3F7 /* CoreGraphics.framework */ = {isa = PBXFileReference; lastKnownFileType = wrapper.framework; name = CoreGraphics.framework; path = System/Library/Frameworks/CoreGraphics.framework; sourceTree = SDKROOT; };
		3D82D077192A7352004ED3F7 /* UIKit.framework */ = {isa = PBXFileReference; lastKnownFileType = wrapper.framework; name = UIKit.framework; path = System/Library/Frameworks/UIKit.framework; sourceTree = SDKROOT; };
		3D82D07B192A7352004ED3F7 /* HashTable-Info.plist */ = {isa = PBXFileReference; lastKnownFileType = text.plist.xml; path = "HashTable-Info.plist"; sourceTree = "<group>"; };
		3D82D07D192A7352004ED3F7 /* en */ = {isa = PBXFileReference; lastKnownFileType = text.plist.strings; name = en; path = en.lproj/InfoPlist.strings; sourceTree = "<group>"; };
		3D82D07F192A7352004ED3F7 /* main.m */ = {isa = PBXFileReference; lastKnownFileType = sourcecode.c.objc; path = main.m; sourceTree = "<group>"; };
		3D82D081192A7352004ED3F7 /* HashTable-Prefix.pch */ = {isa = PBXFileReference; lastKnownFileType = sourcecode.c.h; path = "HashTable-Prefix.pch"; sourceTree = "<group>"; };
		3D82D082192A7352004ED3F7 /* CMBAppDelegate.h */ = {isa = PBXFileReference; lastKnownFileType = sourcecode.c.h; path = CMBAppDelegate.h; sourceTree = "<group>"; };
		3D82D083192A7352004ED3F7 /* CMBAppDelegate.m */ = {isa = PBXFileReference; lastKnownFileType = sourcecode.c.objc; path = CMBAppDelegate.m; sourceTree = "<group>"; };
		3D82D086192A7352004ED3F7 /* Base */ = {isa = PBXFileReference; lastKnownFileType = file.storyboard; name = Base; path = Base.lproj/Main.storyboard; sourceTree = "<group>"; };
		3D82D088192A7352004ED3F7 /* CMBViewController.h */ = {isa = PBXFileReference; lastKnownFileType = sourcecode.c.h; path = CMBViewController.h; sourceTree = "<group>"; };
		3D82D089192A7352004ED3F7 /* CMBViewController.m */ = {isa = PBXFileReference; lastKnownFileType = sourcecode.c.objc; path = CMBViewController.m; sourceTree = "<group>"; };
		3D82D08B192A7352004ED3F7 /* Images.xcassets */ = {isa = PBXFileReference; lastKnownFileType = folder.assetcatalog; path = Images.xcassets; sourceTree = "<group>"; };
		3D82D091192A7352004ED3F7 /* HashTableTests.xctest */ = {isa = PBXFileReference; explicitFileType = wrapper.cfbundle; includeInIndex = 0; path = HashTableTests.xctest; sourceTree = BUILT_PRODUCTS_DIR; };
		3D82D092192A7352004ED3F7 /* XCTest.framework */ = {isa = PBXFileReference; lastKnownFileType = wrapper.framework; name = XCTest.framework; path = Library/Frameworks/XCTest.framework; sourceTree = DEVELOPER_DIR; };
		3D82D09A192A7352004ED3F7 /* HashTableTests-Info.plist */ = {isa = PBXFileReference; lastKnownFileType = text.plist.xml; path = "HashTableTests-Info.plist"; sourceTree = "<group>"; };
		3D82D09C192A7352004ED3F7 /* en */ = {isa = PBXFileReference; lastKnownFileType = text.plist.strings; name = en; path = en.lproj/InfoPlist.strings; sourceTree = "<group>"; };
		3D82D09E192A7352004ED3F7 /* HashTableTests.m */ = {isa = PBXFileReference; lastKnownFileType = sourcecode.c.objc; path = HashTableTests.m; sourceTree = "<group>"; };
		3D82D0A8192A735F004ED3F7 /* CMBHashTable.h */ = {isa = PBXFileReference; fileEncoding = 4; lastKnownFileType = sourcecode.c.h; name = CMBHashTable.h; path = ../CMBHashTable.h; sourceTree = "<group>"; };
		3D82D0A9192A735F004ED3F7 /* CMBHashTable.m */ = {isa = PBXFileReference; fileEncoding = 4; lastKnownFileType = sourcecode.c.objc; name = CMBHashTable.m; path = ../CMBHashTable.m; sourceTree = "<group>"; };
		3D82D0AB192A7379004ED3F7 /* CMBHashBucket.h */ = {isa = PBXFileReference; fileEncoding = 4; lastKnownFileType = sourcecode.c.h; name = CMBHashBucket.h; path = ../CMBHashBucket.h; sourceTree = "<group>"; };
		3D82D0AC192A7379004ED3F7 /* CMBHashBucket.m */ = {isa = PBXFileReference; fileEncoding = 4; lastKnownFileType = sourcecode.c.objc; name = CMBHashBucket.m; path = ../CMBHashBucket.m; sourceTree = "<group>"; };
/* End PBXFileReference section */

/* Begin PBXFrameworksBuildPhase section */
		3D82D06D192A7352004ED3F7 /* Frameworks */ = {
			isa = PBXFrameworksBuildPhase;
			buildActionMask = 2147483647;
			files = (
				3D82D076192A7352004ED3F7 /* CoreGraphics.framework in Frameworks */,
				3D82D078192A7352004ED3F7 /* UIKit.framework in Frameworks */,
				3D82D074192A7352004ED3F7 /* Foundation.framework in Frameworks */,
			);
			runOnlyForDeploymentPostprocessing = 0;
		};
		3D82D08E192A7352004ED3F7 /* Frameworks */ = {
			isa = PBXFrameworksBuildPhase;
			buildActionMask = 2147483647;
			files = (
				3D82D093192A7352004ED3F7 /* XCTest.framework in Frameworks */,
				3D82D095192A7352004ED3F7 /* UIKit.framework in Frameworks */,
				3D82D094192A7352004ED3F7 /* Foundation.framework in Frameworks */,
			);
			runOnlyForDeploymentPostprocessing = 0;
		};
/* End PBXFrameworksBuildPhase section */

/* Begin PBXGroup section */
		3D82D067192A7352004ED3F7 = {
			isa = PBXGroup;
			children = (
				3D82D079192A7352004ED3F7 /* HashTable */,
				3D82D098192A7352004ED3F7 /* HashTableTests */,
				3D82D072192A7352004ED3F7 /* Frameworks */,
				3D82D071192A7352004ED3F7 /* Products */,
			);
			sourceTree = "<group>";
		};
		3D82D071192A7352004ED3F7 /* Products */ = {
			isa = PBXGroup;
			children = (
				3D82D070192A7352004ED3F7 /* HashTable.app */,
				3D82D091192A7352004ED3F7 /* HashTableTests.xctest */,
			);
			name = Products;
			sourceTree = "<group>";
		};
		3D82D072192A7352004ED3F7 /* Frameworks */ = {
			isa = PBXGroup;
			children = (
				3D82D073192A7352004ED3F7 /* Foundation.framework */,
				3D82D075192A7352004ED3F7 /* CoreGraphics.framework */,
				3D82D077192A7352004ED3F7 /* UIKit.framework */,
				3D82D092192A7352004ED3F7 /* XCTest.framework */,
			);
			name = Frameworks;
			sourceTree = "<group>";
		};
		3D82D079192A7352004ED3F7 /* HashTable */ = {
			isa = PBXGroup;
			children = (
				3D82D0AE192A7816004ED3F7 /* Model */,
				3D82D0B0192A7826004ED3F7 /* Controller */,
				3D82D0AF192A781F004ED3F7 /* View */,
				3D82D08B192A7352004ED3F7 /* Images.xcassets */,
				3D82D07A192A7352004ED3F7 /* Supporting Files */,
			);
			path = HashTable;
			sourceTree = "<group>";
		};
		3D82D07A192A7352004ED3F7 /* Supporting Files */ = {
			isa = PBXGroup;
			children = (
				3D82D07B192A7352004ED3F7 /* HashTable-Info.plist */,
				3D82D07C192A7352004ED3F7 /* InfoPlist.strings */,
				3D82D07F192A7352004ED3F7 /* main.m */,
				3D82D081192A7352004ED3F7 /* HashTable-Prefix.pch */,
			);
			name = "Supporting Files";
			sourceTree = "<group>";
		};
		3D82D098192A7352004ED3F7 /* HashTableTests */ = {
			isa = PBXGroup;
			children = (
				3D82D09E192A7352004ED3F7 /* HashTableTests.m */,
				3D82D099192A7352004ED3F7 /* Supporting Files */,
			);
			path = HashTableTests;
			sourceTree = "<group>";
		};
		3D82D099192A7352004ED3F7 /* Supporting Files */ = {
			isa = PBXGroup;
			children = (
				3D82D09A192A7352004ED3F7 /* HashTableTests-Info.plist */,
				3D82D09B192A7352004ED3F7 /* InfoPlist.strings */,
			);
			name = "Supporting Files";
			sourceTree = "<group>";
		};
		3D82D0AE192A7816004ED3F7 /* Model */ = {
			isa = PBXGroup;
			children = (
				3D82D0A8192A735F004ED3F7 /* CMBHashTable.h */,
				3D82D0A9192A735F004ED3F7 /* CMBHashTable.m */,
				3D82D0AB192A7379004ED3F7 /* CMBHashBucket.h */,
				3D82D0AC192A7379004ED3F7 /* CMBHashBucket.m */,
			);
			name = Model;
			sourceTree = "<group>";
		};
		3D82D0AF192A781F004ED3F7 /* View */ = {
			isa = PBXGroup;
			children = (
				3D82D085192A7352004ED3F7 /* Main.storyboard */,
				3D82D088192A7352004ED3F7 /* CMBViewController.h */,
				3D82D089192A7352004ED3F7 /* CMBViewController.m */,
			);
			name = View;
			sourceTree = "<group>";
		};
		3D82D0B0192A7826004ED3F7 /* Controller */ = {
			isa = PBXGroup;
			children = (
				3D82D082192A7352004ED3F7 /* CMBAppDelegate.h */,
				3D82D083192A7352004ED3F7 /* CMBAppDelegate.m */,
			);
			name = Controller;
			sourceTree = "<group>";
		};
/* End PBXGroup section */

/* Begin PBXNativeTarget section */
		3D82D06F192A7352004ED3F7 /* HashTable */ = {
			isa = PBXNativeTarget;
			buildConfigurationList = 3D82D0A2192A7352004ED3F7 /* Build configuration list for PBXNativeTarget "HashTable" */;
			buildPhases = (
				3D82D06C192A7352004ED3F7 /* Sources */,
				3D82D06D192A7352004ED3F7 /* Frameworks */,
				3D82D06E192A7352004ED3F7 /* Resources */,
			);
			buildRules = (
			);
			dependencies = (
			);
			name = HashTable;
			productName = HashTable;
			productReference = 3D82D070192A7352004ED3F7 /* HashTable.app */;
			productType = "com.apple.product-type.application";
		};
		3D82D090192A7352004ED3F7 /* HashTableTests */ = {
			isa = PBXNativeTarget;
			buildConfigurationList = 3D82D0A5192A7352004ED3F7 /* Build configuration list for PBXNativeTarget "HashTableTests" */;
			buildPhases = (
				3D82D08D192A7352004ED3F7 /* Sources */,
				3D82D08E192A7352004ED3F7 /* Frameworks */,
				3D82D08F192A7352004ED3F7 /* Resources */,
			);
			buildRules = (
			);
			dependencies = (
				3D82D097192A7352004ED3F7 /* PBXTargetDependency */,
			);
			name = HashTableTests;
			productName = HashTableTests;
			productReference = 3D82D091192A7352004ED3F7 /* HashTableTests.xctest */;
			productType = "com.apple.product-type.bundle.unit-test";
		};
/* End PBXNativeTarget section */

/* Begin PBXProject section */
		3D82D068192A7352004ED3F7 /* Project object */ = {
			isa = PBXProject;
			attributes = {
				CLASSPREFIX = CMB;
				LastUpgradeCheck = 0510;
				ORGANIZATIONNAME = "Cole Bratcher";
				TargetAttributes = {
					3D82D090192A7352004ED3F7 = {
						TestTargetID = 3D82D06F192A7352004ED3F7;
					};
				};
			};
			buildConfigurationList = 3D82D06B192A7352004ED3F7 /* Build configuration list for PBXProject "HashTable" */;
			compatibilityVersion = "Xcode 3.2";
			developmentRegion = English;
			hasScannedForEncodings = 0;
			knownRegions = (
				en,
				Base,
			);
			mainGroup = 3D82D067192A7352004ED3F7;
			productRefGroup = 3D82D071192A7352004ED3F7 /* Products */;
			projectDirPath = "";
			projectRoot = "";
			targets = (
				3D82D06F192A7352004ED3F7 /* HashTable */,
				3D82D090192A7352004ED3F7 /* HashTableTests */,
			);
		};
/* End PBXProject section */

/* Begin PBXResourcesBuildPhase section */
		3D82D06E192A7352004ED3F7 /* Resources */ = {
			isa = PBXResourcesBuildPhase;
			buildActionMask = 2147483647;
			files = (
				3D82D08C192A7352004ED3F7 /* Images.xcassets in Resources */,
				3D82D07E192A7352004ED3F7 /* InfoPlist.strings in Resources */,
				3D82D087192A7352004ED3F7 /* Main.storyboard in Resources */,
			);
			runOnlyForDeploymentPostprocessing = 0;
		};
		3D82D08F192A7352004ED3F7 /* Resources */ = {
			isa = PBXResourcesBuildPhase;
			buildActionMask = 2147483647;
			files = (
				3D82D09D192A7352004ED3F7 /* InfoPlist.strings in Resources */,
			);
			runOnlyForDeploymentPostprocessing = 0;
		};
/* End PBXResourcesBuildPhase section */

/* Begin PBXSourcesBuildPhase section */
		3D82D06C192A7352004ED3F7 /* Sources */ = {
			isa = PBXSourcesBuildPhase;
			buildActionMask = 2147483647;
			files = (
				3D82D080192A7352004ED3F7 /* main.m in Sources */,
				3D82D084192A7352004ED3F7 /* CMBAppDelegate.m in Sources */,
				3D82D08A192A7352004ED3F7 /* CMBViewController.m in Sources */,
				3D82D0AA192A735F004ED3F7 /* CMBHashTable.m in Sources */,
				3D82D0AD192A7379004ED3F7 /* CMBHashBucket.m in Sources */,
			);
			runOnlyForDeploymentPostprocessing = 0;
		};
		3D82D08D192A7352004ED3F7 /* Sources */ = {
			isa = PBXSourcesBuildPhase;
			buildActionMask = 2147483647;
			files = (
				3D82D09F192A7352004ED3F7 /* HashTableTests.m in Sources */,
			);
			runOnlyForDeploymentPostprocessing = 0;
		};
/* End PBXSourcesBuildPhase section */

/* Begin PBXTargetDependency section */
		3D82D097192A7352004ED3F7 /* PBXTargetDependency */ = {
			isa = PBXTargetDependency;
			target = 3D82D06F192A7352004ED3F7 /* HashTable */;
			targetProxy = 3D82D096192A7352004ED3F7 /* PBXContainerItemProxy */;
		};
/* End PBXTargetDependency section */

/* Begin PBXVariantGroup section */
		3D82D07C192A7352004ED3F7 /* InfoPlist.strings */ = {
			isa = PBXVariantGroup;
			children = (
				3D82D07D192A7352004ED3F7 /* en */,
			);
			name = InfoPlist.strings;
			sourceTree = "<group>";
		};
		3D82D085192A7352004ED3F7 /* Main.storyboard */ = {
			isa = PBXVariantGroup;
			children = (
				3D82D086192A7352004ED3F7 /* Base */,
			);
			name = Main.storyboard;
			sourceTree = "<group>";
		};
		3D82D09B192A7352004ED3F7 /* InfoPlist.strings */ = {
			isa = PBXVariantGroup;
			children = (
				3D82D09C192A7352004ED3F7 /* en */,
			);
			name = InfoPlist.strings;
			sourceTree = "<group>";
		};
/* End PBXVariantGroup section */

/* Begin XCBuildConfiguration section */
		3D82D0A0192A7352004ED3F7 /* Debug */ = {
			isa = XCBuildConfiguration;
			buildSettings = {
				ALWAYS_SEARCH_USER_PATHS = NO;
				CLANG_CXX_LANGUAGE_STANDARD = "gnu++0x";
				CLANG_CXX_LIBRARY = "libc++";
				CLANG_ENABLE_MODULES = YES;
				CLANG_ENABLE_OBJC_ARC = YES;
				CLANG_WARN_BOOL_CONVERSION = YES;
				CLANG_WARN_CONSTANT_CONVERSION = YES;
				CLANG_WARN_DIRECT_OBJC_ISA_USAGE = YES_ERROR;
				CLANG_WARN_EMPTY_BODY = YES;
				CLANG_WARN_ENUM_CONVERSION = YES;
				CLANG_WARN_INT_CONVERSION = YES;
				CLANG_WARN_OBJC_ROOT_CLASS = YES_ERROR;
				CLANG_WARN__DUPLICATE_METHOD_MATCH = YES;
				"CODE_SIGN_IDENTITY[sdk=iphoneos*]" = "iPhone Developer";
				COPY_PHASE_STRIP = NO;
				GCC_C_LANGUAGE_STANDARD = gnu99;
				GCC_DYNAMIC_NO_PIC = NO;
				GCC_OPTIMIZATION_LEVEL = 0;
				GCC_PREPROCESSOR_DEFINITIONS = (
					"DEBUG=1",
					"$(inherited)",
				);
				GCC_SYMBOLS_PRIVATE_EXTERN = NO;
				GCC_WARN_64_TO_32_BIT_CONVERSION = YES;
				GCC_WARN_ABOUT_RETURN_TYPE = YES_ERROR;
				GCC_WARN_UNDECLARED_SELECTOR = YES;
				GCC_WARN_UNINITIALIZED_AUTOS = YES_AGGRESSIVE;
				GCC_WARN_UNUSED_FUNCTION = YES;
				GCC_WARN_UNUSED_VARIABLE = YES;
				IPHONEOS_DEPLOYMENT_TARGET = 7.1;
				ONLY_ACTIVE_ARCH = YES;
				SDKROOT = iphoneos;
			};
			name = Debug;
		};
		3D82D0A1192A7352004ED3F7 /* Release */ = {
			isa = XCBuildConfiguration;
			buildSettings = {
				ALWAYS_SEARCH_USER_PATHS = NO;
				CLANG_CXX_LANGUAGE_STANDARD = "gnu++0x";
				CLANG_CXX_LIBRARY = "libc++";
				CLANG_ENABLE_MODULES = YES;
				CLANG_ENABLE_OBJC_ARC = YES;
				CLANG_WARN_BOOL_CONVERSION = YES;
				CLANG_WARN_CONSTANT_CONVERSION = YES;
				CLANG_WARN_DIRECT_OBJC_ISA_USAGE = YES_ERROR;
				CLANG_WARN_EMPTY_BODY = YES;
				CLANG_WARN_ENUM_CONVERSION = YES;
				CLANG_WARN_INT_CONVERSION = YES;
				CLANG_WARN_OBJC_ROOT_CLASS = YES_ERROR;
				CLANG_WARN__DUPLICATE_METHOD_MATCH = YES;
				"CODE_SIGN_IDENTITY[sdk=iphoneos*]" = "iPhone Developer";
				COPY_PHASE_STRIP = YES;
				ENABLE_NS_ASSERTIONS = NO;
				GCC_C_LANGUAGE_STANDARD = gnu99;
				GCC_WARN_64_TO_32_BIT_CONVERSION = YES;
				GCC_WARN_ABOUT_RETURN_TYPE = YES_ERROR;
				GCC_WARN_UNDECLARED_SELECTOR = YES;
				GCC_WARN_UNINITIALIZED_AUTOS = YES_AGGRESSIVE;
				GCC_WARN_UNUSED_FUNCTION = YES;
				GCC_WARN_UNUSED_VARIABLE = YES;
				IPHONEOS_DEPLOYMENT_TARGET = 7.1;
				SDKROOT = iphoneos;
				VALIDATE_PRODUCT = YES;
			};
			name = Release;
		};
		3D82D0A3192A7352004ED3F7 /* Debug */ = {
			isa = XCBuildConfiguration;
			buildSettings = {
				ASSETCATALOG_COMPILER_APPICON_NAME = AppIcon;
				ASSETCATALOG_COMPILER_LAUNCHIMAGE_NAME = LaunchImage;
				GCC_PRECOMPILE_PREFIX_HEADER = YES;
				GCC_PREFIX_HEADER = "HashTable/HashTable-Prefix.pch";
				INFOPLIST_FILE = "HashTable/HashTable-Info.plist";
				PRODUCT_NAME = "$(TARGET_NAME)";
				WRAPPER_EXTENSION = app;
			};
			name = Debug;
		};
		3D82D0A4192A7352004ED3F7 /* Release */ = {
			isa = XCBuildConfiguration;
			buildSettings = {
				ASSETCATALOG_COMPILER_APPICON_NAME = AppIcon;
				ASSETCATALOG_COMPILER_LAUNCHIMAGE_NAME = LaunchImage;
				GCC_PRECOMPILE_PREFIX_HEADER = YES;
				GCC_PREFIX_HEADER = "HashTable/HashTable-Prefix.pch";
				INFOPLIST_FILE = "HashTable/HashTable-Info.plist";
				PRODUCT_NAME = "$(TARGET_NAME)";
				WRAPPER_EXTENSION = app;
			};
			name = Release;
		};
		3D82D0A6192A7352004ED3F7 /* Debug */ = {
			isa = XCBuildConfiguration;
			buildSettings = {
				BUNDLE_LOADER = "$(BUILT_PRODUCTS_DIR)/HashTable.app/HashTable";
				FRAMEWORK_SEARCH_PATHS = (
					"$(SDKROOT)/Developer/Library/Frameworks",
					"$(inherited)",
					"$(DEVELOPER_FRAMEWORKS_DIR)",
				);
				GCC_PRECOMPILE_PREFIX_HEADER = YES;
				GCC_PREFIX_HEADER = "HashTable/HashTable-Prefix.pch";
				GCC_PREPROCESSOR_DEFINITIONS = (
					"DEBUG=1",
					"$(inherited)",
				);
				INFOPLIST_FILE = "HashTableTests/HashTableTests-Info.plist";
				PRODUCT_NAME = "$(TARGET_NAME)";
				TEST_HOST = "$(BUNDLE_LOADER)";
				WRAPPER_EXTENSION = xctest;
			};
			name = Debug;
		};
		3D82D0A7192A7352004ED3F7 /* Release */ = {
			isa = XCBuildConfiguration;
			buildSettings = {
				BUNDLE_LOADER = "$(BUILT_PRODUCTS_DIR)/HashTable.app/HashTable";
				FRAMEWORK_SEARCH_PATHS = (
					"$(SDKROOT)/Developer/Library/Frameworks",
					"$(inherited)",
					"$(DEVELOPER_FRAMEWORKS_DIR)",
				);
				GCC_PRECOMPILE_PREFIX_HEADER = YES;
				GCC_PREFIX_HEADER = "HashTable/HashTable-Prefix.pch";
				INFOPLIST_FILE = "HashTableTests/HashTableTests-Info.plist";
				PRODUCT_NAME = "$(TARGET_NAME)";
				TEST_HOST = "$(BUNDLE_LOADER)";
				WRAPPER_EXTENSION = xctest;
			};
			name = Release;
		};
/* End XCBuildConfiguration section */

/* Begin XCConfigurationList section */
		3D82D06B192A7352004ED3F7 /* Build configuration list for PBXProject "HashTable" */ = {
			isa = XCConfigurationList;
			buildConfigurations = (
				3D82D0A0192A7352004ED3F7 /* Debug */,
				3D82D0A1192A7352004ED3F7 /* Release */,
			);
			defaultConfigurationIsVisible = 0;
			defaultConfigurationName = Release;
		};
		3D82D0A2192A7352004ED3F7 /* Build configuration list for PBXNativeTarget "HashTable" */ = {
			isa = XCConfigurationList;
			buildConfigurations = (
				3D82D0A3192A7352004ED3F7 /* Debug */,
				3D82D0A4192A7352004ED3F7 /* Release */,
			);
			defaultConfigurationIsVisible = 0;
		};
		3D82D0A5192A7352004ED3F7 /* Build configuration list for PBXNativeTarget "HashTableTests" */ = {
			isa = XCConfigurationList;
			buildConfigurations = (
				3D82D0A6192A7352004ED3F7 /* Debug */,
				3D82D0A7192A7352004ED3F7 /* Release */,
			);
			defaultConfigurationIsVisible = 0;
		};
/* End XCConfigurationList section */
	};
	rootObject = 3D82D068192A7352004ED3F7 /* Project object */;
}
